
Microsoft Visual Studio Solution File, Format Version 12.00
# Visual Studio Version 16
VisualStudioVersion = 16.0.31105.61
MinimumVisualStudioVersion = 10.0.40219.1
Project("{9A19103F-16F7-4668-BE54-9A1E7A4F7556}") = "loopa", "loopa\loopa.csproj", "{A92AEB9E-6888-47F0-87B5-64BF364FDEAA}"
EndProject
Project("{9A19103F-16F7-4668-BE54-9A1E7A4F7556}") = "WorkLauncher", "WorkLauncher\WorkLauncher.csproj", "{1A6F97F3-7C10-401A-968E-A955691C5D8A}"
EndProject
Project("{9A19103F-16F7-4668-BE54-9A1E7A4F7556}") = "WormWheelCalc", "WormWheelCalc\WormWheelCalc.csproj", "{05D4B9EF-F97C-48C6-95A0-7525FD80A418}"
EndProject
Project("{9A19103F-16F7-4668-BE54-9A1E7A4F7556}") = "Cutter", "Cutter\Cutter.csproj", "{8AB3C9BC-40DE-4593-8B62-0CFC1A961675}"
EndProject
Project("{9A19103F-16F7-4668-BE54-9A1E7A4F7556}") = "KeyViewer", "KeyViewer\KeyViewer.csproj", "{56F6461C-96F8-407E-91E1-8CA9C6442E22}"
EndProject
Project("{FAE04EC0-301F-11D3-BF4B-00C04F79EFBC}") = "FolderRenamer", "FolderRenamer\FolderRenamer.csproj", "{66100BA0-B775-4330-8F39-6DB9ADC3CD47}"
EndProject
Global
	GlobalSection(SolutionConfigurationPlatforms) = preSolution
		Debug|Any CPU = Debug|Any CPU
		Release|Any CPU = Release|Any CPU
	EndGlobalSection
	GlobalSection(ProjectConfigurationPlatforms) = postSolution
		{A92AEB9E-6888-47F0-87B5-64BF364FDEAA}.Debug|Any CPU.ActiveCfg = Debug|Any CPU
		{A92AEB9E-6888-47F0-87B5-64BF364FDEAA}.Debug|Any CPU.Build.0 = Debug|Any CPU
		{A92AEB9E-6888-47F0-87B5-64BF364FDEAA}.Release|Any CPU.ActiveCfg = Release|Any CPU
		{A92AEB9E-6888-47F0-87B5-64BF364FDEAA}.Release|Any CPU.Build.0 = Release|Any CPU
		{1A6F97F3-7C10-401A-968E-A955691C5D8A}.Debug|Any CPU.ActiveCfg = Debug|Any CPU
		{1A6F97F3-7C10-401A-968E-A955691C5D8A}.Debug|Any CPU.Build.0 = Debug|Any CPU
		{1A6F97F3-7C10-401A-968E-A955691C5D8A}.Release|Any CPU.ActiveCfg = Release|Any CPU
		{1A6F97F3-7C10-401A-968E-A955691C5D8A}.Release|Any CPU.Build.0 = Release|Any CPU
		{05D4B9EF-F97C-48C6-95A0-7525FD80A418}.Debug|Any CPU.ActiveCfg = Debug|Any CPU
		{05D4B9EF-F97C-48C6-95A0-7525FD80A418}.Debug|Any CPU.Build.0 = Debug|Any CPU
		{05D4B9EF-F97C-48C6-95A0-7525FD80A418}.Release|Any CPU.ActiveCfg = Release|Any CPU
		{05D4B9EF-F97C-48C6-95A0-7525FD80A418}.Release|Any CPU.Build.0 = Release|Any CPU
		{8AB3C9BC-40DE-4593-8B62-0CFC1A961675}.Debug|Any CPU.ActiveCfg = Debug|Any CPU
		{8AB3C9BC-40DE-4593-8B62-0CFC1A961675}.Debug|Any CPU.Build.0 = Debug|Any CPU
		{8AB3C9BC-40DE-4593-8B62-0CFC1A961675}.Release|Any CPU.ActiveCfg = Release|Any CPU
		{8AB3C9BC-40DE-4593-8B62-0CFC1A961675}.Release|Any CPU.Build.0 = Release|Any CPU
		{56F6461C-96F8-407E-91E1-8CA9C6442E22}.Debug|Any CPU.ActiveCfg = Debug|Any CPU
		{56F6461C-96F8-407E-91E1-8CA9C6442E22}.Debug|Any CPU.Build.0 = Debug|Any CPU
		{56F6461C-96F8-407E-91E1-8CA9C6442E22}.Release|Any CPU.ActiveCfg = Release|Any CPU
		{56F6461C-96F8-407E-91E1-8CA9C6442E22}.Release|Any CPU.Build.0 = Release|Any CPU
		{66100BA0-B775-4330-8F39-6DB9ADC3CD47}.Debug|Any CPU.ActiveCfg = Debug|Any CPU
		{66100BA0-B775-4330-8F39-6DB9ADC3CD47}.Debug|Any CPU.Build.0 = Debug|Any CPU
		{66100BA0-B775-4330-8F39-6DB9ADC3CD47}.Release|Any CPU.ActiveCfg = Release|Any CPU
		{66100BA0-B775-4330-8F39-6DB9ADC3CD47}.Release|Any CPU.Build.0 = Release|Any CPU
	EndGlobalSection
	GlobalSection(SolutionProperties) = preSolution
		HideSolutionNode = FALSE
	EndGlobalSection
	GlobalSection(ExtensibilityGlobals) = postSolution
		SolutionGuid = {5A3462CA-238B-4BC6-9643-486E219D2438}
	EndGlobalSection
EndGlobal
